# This file is autogenerated, do not edit; changes may be undone by the next 'dep ensure'.


[[projects]]
  name = "github.com/aktau/github-release"
  packages = ["github"]
  revision = "744a70ee16ff8e6be45bfabb8b233d7f1e058a2b"
  version = "v0.7.2"

[[projects]]
  branch = "master"
  name = "github.com/dustin/go-humanize"
  packages = ["."]
  revision = "02af3965c54e8cacf948b97fef38925c4120652c"

[[projects]]
  name = "github.com/tomnomnom/linkheader"
  packages = ["."]
  revision = "6953a30d444317754766fccdd3f7f000edc874f6"
  version = "0.1.0"

[[projects]]
  name = "github.com/voxelbrain/goptions"
  packages = ["."]
  revision = "26cb8b04692384f4dc269de3b5fcf3e2ef78573e"
  version = "2.5.11"

[solve-meta]
  analyzer-name = "dep"
  analyzer-version = 1
  inputs-digest = "1d840a1a62e7e7b6da1f4326983476888d33d420f03af377851f0773f0677199"
  solver-name = "gps-cdcl"
  solver-version = 1
